
Microsoft Visual Studio Solution File, Format Version 12.00
# Visual Studio Version 16
VisualStudioVersion = 16.0.31515.178
MinimumVisualStudioVersion = 10.0.40219.1
Project("{FAE04EC0-301F-11D3-BF4B-00C04F79EFBC}") = "SharpPhisher_CredUI_dll", "SharpPhisher_CredUI_dll\SharpPhisher_CredUI_dll.csproj", "{C34B2824-35BA-4DEE-9A78-69154CFD6E8C}"
EndProject
Global
	GlobalSection(SolutionConfigurationPlatforms) = preSolution
		Debug|Any CPU = Debug|Any CPU
		Release|Any CPU = Release|Any CPU
	EndGlobalSection
	GlobalSection(ProjectConfigurationPlatforms) = postSolution
		{C34B2824-35BA-4DEE-9A78-69154CFD6E8C}.Debug|Any CPU.ActiveCfg = Debug|Any CPU
		{C34B2824-35BA-4DEE-9A78-69154CFD6E8C}.Debug|Any CPU.Build.0 = Debug|Any CPU
		{C34B2824-35BA-4DEE-9A78-69154CFD6E8C}.Release|Any CPU.ActiveCfg = Release|Any CPU
		{C34B2824-35BA-4DEE-9A78-69154CFD6E8C}.Release|Any CPU.Build.0 = Release|Any CPU
	EndGlobalSection
	GlobalSection(SolutionProperties) = preSolution
		HideSolutionNode = FALSE
	EndGlobalSection
	GlobalSection(ExtensibilityGlobals) = postSolution
		SolutionGuid = {CF130D1A-7BA3-4D5D-949A-66A618A5853C}
	EndGlobalSection
EndGlobal
